
Microsoft Visual Studio Solution File, Format Version 12.00
# Visual Studio Version 16
VisualStudioVersion = 16.0.30204.135
MinimumVisualStudioVersion = 10.0.40219.1
Project("{FAE04EC0-301F-11D3-BF4B-00C04F79EFBC}") = "TeduShop.Common", "TeduShop.Common\TeduShop.Common.csproj", "{2DAF4270-0523-48F8-98CD-29013C683602}"
EndProject
Project("{FAE04EC0-301F-11D3-BF4B-00C04F79EFBC}") = "TeduShop.Data", "TeduShop.Data\TeduShop.Data.csproj", "{57D23859-7704-411B-89F6-17E65A6D97CE}"
EndProject
Project("{FAE04EC0-301F-11D3-BF4B-00C04F79EFBC}") = "TeduShop.Model", "TeduShop.Model\TeduShop.Model.csproj", "{EFA80DE4-DC08-41FA-BF1C-4A803ECFBF18}"
EndProject
Project("{FAE04EC0-301F-11D3-BF4B-00C04F79EFBC}") = "TeduShop.Service", "TeduShop.Service\TeduShop.Service.csproj", "{8DC5DBA2-9F3A-44CC-B3C1-DB21C6415725}"
EndProject
Project("{FAE04EC0-301F-11D3-BF4B-00C04F79EFBC}") = "TeduShop.UnitTest", "TeduShop.UnitTest\TeduShop.UnitTest.csproj", "{9D2C2D0F-873C-41D8-AD80-235CF365B904}"
EndProject
Project("{FAE04EC0-301F-11D3-BF4B-00C04F79EFBC}") = "TeduShop.Web", "TeduShop.Web\TeduShop.Web.csproj", "{872B3D44-AE8E-4797-BC84-DA99317A989D}"
EndProject
Global
	GlobalSection(SolutionConfigurationPlatforms) = preSolution
		Debug|Any CPU = Debug|Any CPU
		Release|Any CPU = Release|Any CPU
	EndGlobalSection
	GlobalSection(ProjectConfigurationPlatforms) = postSolution
		{2DAF4270-0523-48F8-98CD-29013C683602}.Debug|Any CPU.ActiveCfg = Debug|Any CPU
		{2DAF4270-0523-48F8-98CD-29013C683602}.Debug|Any CPU.Build.0 = Debug|Any CPU
		{2DAF4270-0523-48F8-98CD-29013C683602}.Release|Any CPU.ActiveCfg = Release|Any CPU
		{2DAF4270-0523-48F8-98CD-29013C683602}.Release|Any CPU.Build.0 = Release|Any CPU
		{57D23859-7704-411B-89F6-17E65A6D97CE}.Debug|Any CPU.ActiveCfg = Debug|Any CPU
		{57D23859-7704-411B-89F6-17E65A6D97CE}.Debug|Any CPU.Build.0 = Debug|Any CPU
		{57D23859-7704-411B-89F6-17E65A6D97CE}.Release|Any CPU.ActiveCfg = Release|Any CPU
		{57D23859-7704-411B-89F6-17E65A6D97CE}.Release|Any CPU.Build.0 = Release|Any CPU
		{EFA80DE4-DC08-41FA-BF1C-4A803ECFBF18}.Debug|Any CPU.ActiveCfg = Debug|Any CPU
		{EFA80DE4-DC08-41FA-BF1C-4A803ECFBF18}.Debug|Any CPU.Build.0 = Debug|Any CPU
		{EFA80DE4-DC08-41FA-BF1C-4A803ECFBF18}.Release|Any CPU.ActiveCfg = Release|Any CPU
		{EFA80DE4-DC08-41FA-BF1C-4A803ECFBF18}.Release|Any CPU.Build.0 = Release|Any CPU
		{8DC5DBA2-9F3A-44CC-B3C1-DB21C6415725}.Debug|Any CPU.ActiveCfg = Debug|Any CPU
		{8DC5DBA2-9F3A-44CC-B3C1-DB21C6415725}.Debug|Any CPU.Build.0 = Debug|Any CPU
		{8DC5DBA2-9F3A-44CC-B3C1-DB21C6415725}.Release|Any CPU.ActiveCfg = Release|Any CPU
		{8DC5DBA2-9F3A-44CC-B3C1-DB21C6415725}.Release|Any CPU.Build.0 = Release|Any CPU
		{9D2C2D0F-873C-41D8-AD80-235CF365B904}.Debug|Any CPU.ActiveCfg = Debug|Any CPU
		{9D2C2D0F-873C-41D8-AD80-235CF365B904}.Debug|Any CPU.Build.0 = Debug|Any CPU
		{9D2C2D0F-873C-41D8-AD80-235CF365B904}.Release|Any CPU.ActiveCfg = Release|Any CPU
		{9D2C2D0F-873C-41D8-AD80-235CF365B904}.Release|Any CPU.Build.0 = Release|Any CPU
		{872B3D44-AE8E-4797-BC84-DA99317A989D}.Debug|Any CPU.ActiveCfg = Debug|Any CPU
		{872B3D44-AE8E-4797-BC84-DA99317A989D}.Debug|Any CPU.Build.0 = Debug|Any CPU
		{872B3D44-AE8E-4797-BC84-DA99317A989D}.Release|Any CPU.ActiveCfg = Release|Any CPU
		{872B3D44-AE8E-4797-BC84-DA99317A989D}.Release|Any CPU.Build.0 = Release|Any CPU
	EndGlobalSection
	GlobalSection(SolutionProperties) = preSolution
		HideSolutionNode = FALSE
	EndGlobalSection
	GlobalSection(ExtensibilityGlobals) = postSolution
		SolutionGuid = {B41304D7-74BA-44EE-AA33-A004122DBC5E}
	EndGlobalSection
EndGlobal
